
Microsoft Visual Studio Solution File, Format Version 12.00
# Visual Studio Version 17
VisualStudioVersion = 17.6.33723.286
MinimumVisualStudioVersion = 10.0.40219.1
Project("{FAE04EC0-301F-11D3-BF4B-00C04F79EFBC}") = "BusStation", "BusStation\BusStation.csproj", "{736C6368-2B6D-4A4D-B1A0-11C53C0F6B7B}"
EndProject
Project("{FAE04EC0-301F-11D3-BF4B-00C04F79EFBC}") = "BusStation.Core", "BusStation.Core\BusStation.Core.csproj", "{27A3174A-5BBB-4D20-8149-A894257F9B23}"
EndProject
Project("{FAE04EC0-301F-11D3-BF4B-00C04F79EFBC}") = "BusStation.Infrastructure", "BusStation.Infrastructure\BusStation.Infrastructure.csproj", "{3EC8D4C2-D8EC-4899-85C6-93AB23AED2AD}"
EndProject
Global
	GlobalSection(SolutionConfigurationPlatforms) = preSolution
		Debug|Any CPU = Debug|Any CPU
		Release|Any CPU = Release|Any CPU
	EndGlobalSection
	GlobalSection(ProjectConfigurationPlatforms) = postSolution
		{736C6368-2B6D-4A4D-B1A0-11C53C0F6B7B}.Debug|Any CPU.ActiveCfg = Debug|Any CPU
		{736C6368-2B6D-4A4D-B1A0-11C53C0F6B7B}.Debug|Any CPU.Build.0 = Debug|Any CPU
		{736C6368-2B6D-4A4D-B1A0-11C53C0F6B7B}.Release|Any CPU.ActiveCfg = Release|Any CPU
		{736C6368-2B6D-4A4D-B1A0-11C53C0F6B7B}.Release|Any CPU.Build.0 = Release|Any CPU
		{27A3174A-5BBB-4D20-8149-A894257F9B23}.Debug|Any CPU.ActiveCfg = Debug|Any CPU
		{27A3174A-5BBB-4D20-8149-A894257F9B23}.Debug|Any CPU.Build.0 = Debug|Any CPU
		{27A3174A-5BBB-4D20-8149-A894257F9B23}.Release|Any CPU.ActiveCfg = Release|Any CPU
		{27A3174A-5BBB-4D20-8149-A894257F9B23}.Release|Any CPU.Build.0 = Release|Any CPU
		{3EC8D4C2-D8EC-4899-85C6-93AB23AED2AD}.Debug|Any CPU.ActiveCfg = Debug|Any CPU
		{3EC8D4C2-D8EC-4899-85C6-93AB23AED2AD}.Debug|Any CPU.Build.0 = Debug|Any CPU
		{3EC8D4C2-D8EC-4899-85C6-93AB23AED2AD}.Release|Any CPU.ActiveCfg = Release|Any CPU
		{3EC8D4C2-D8EC-4899-85C6-93AB23AED2AD}.Release|Any CPU.Build.0 = Release|Any CPU
	EndGlobalSection
	GlobalSection(SolutionProperties) = preSolution
		HideSolutionNode = FALSE
	EndGlobalSection
	GlobalSection(ExtensibilityGlobals) = postSolution
		SolutionGuid = {F70E64FC-B62E-4638-B0EF-3A069ABC24FA}
	EndGlobalSection
EndGlobal
