
Microsoft Visual Studio Solution File, Format Version 12.00
# Visual Studio Version 17
VisualStudioVersion = 17.6.33723.286
MinimumVisualStudioVersion = 10.0.40219.1
Project("{FAE04EC0-301F-11D3-BF4B-00C04F79EFBC}") = "ShoppingListApp", "ShoppingListApp\ShoppingListApp.csproj", "{F5420A6E-38C0-483E-885D-EFCAA195E733}"
EndProject
Project("{FAE04EC0-301F-11D3-BF4B-00C04F79EFBC}") = "ShoppingListApp.Core", "ShoppingListApp.Core\ShoppingListApp.Core.csproj", "{EA43B073-4E31-42AD-A216-B3D640C28ADE}"
EndProject
Project("{FAE04EC0-301F-11D3-BF4B-00C04F79EFBC}") = "ShoppingListApp.Infrastructure", "ShoppingListApp.Infrastructure\ShoppingListApp.Infrastructure.csproj", "{2D0AA97B-960E-4268-8498-938060C8124F}"
EndProject
Global
	GlobalSection(SolutionConfigurationPlatforms) = preSolution
		Debug|Any CPU = Debug|Any CPU
		Release|Any CPU = Release|Any CPU
	EndGlobalSection
	GlobalSection(ProjectConfigurationPlatforms) = postSolution
		{F5420A6E-38C0-483E-885D-EFCAA195E733}.Debug|Any CPU.ActiveCfg = Debug|Any CPU
		{F5420A6E-38C0-483E-885D-EFCAA195E733}.Debug|Any CPU.Build.0 = Debug|Any CPU
		{F5420A6E-38C0-483E-885D-EFCAA195E733}.Release|Any CPU.ActiveCfg = Release|Any CPU
		{F5420A6E-38C0-483E-885D-EFCAA195E733}.Release|Any CPU.Build.0 = Release|Any CPU
		{EA43B073-4E31-42AD-A216-B3D640C28ADE}.Debug|Any CPU.ActiveCfg = Debug|Any CPU
		{EA43B073-4E31-42AD-A216-B3D640C28ADE}.Debug|Any CPU.Build.0 = Debug|Any CPU
		{EA43B073-4E31-42AD-A216-B3D640C28ADE}.Release|Any CPU.ActiveCfg = Release|Any CPU
		{EA43B073-4E31-42AD-A216-B3D640C28ADE}.Release|Any CPU.Build.0 = Release|Any CPU
		{2D0AA97B-960E-4268-8498-938060C8124F}.Debug|Any CPU.ActiveCfg = Debug|Any CPU
		{2D0AA97B-960E-4268-8498-938060C8124F}.Debug|Any CPU.Build.0 = Debug|Any CPU
		{2D0AA97B-960E-4268-8498-938060C8124F}.Release|Any CPU.ActiveCfg = Release|Any CPU
		{2D0AA97B-960E-4268-8498-938060C8124F}.Release|Any CPU.Build.0 = Release|Any CPU
	EndGlobalSection
	GlobalSection(SolutionProperties) = preSolution
		HideSolutionNode = FALSE
	EndGlobalSection
	GlobalSection(ExtensibilityGlobals) = postSolution
		SolutionGuid = {1DCA43EB-2DD0-422A-B00E-C7D3AA6C5674}
	EndGlobalSection
EndGlobal
