
Microsoft Visual Studio Solution File, Format Version 12.00
# Visual Studio Version 17
VisualStudioVersion = 17.5.33530.505
MinimumVisualStudioVersion = 10.0.40219.1
Project("{9A19103F-16F7-4668-BE54-9A1E7A4F7556}") = "MVCIntroDemo", "MVCIntroDemo\MVCIntroDemo.csproj", "{C5F664F2-65D9-418E-8945-9F7802AABB12}"
EndProject
Project("{9A19103F-16F7-4668-BE54-9A1E7A4F7556}") = "MVCIntroDemo.Core", "MVCIntroDemo.Core\MVCIntroDemo.Core.csproj", "{18B2887F-7E1D-4315-A960-17EA4B89AF7C}"
EndProject
Project("{FAE04EC0-301F-11D3-BF4B-00C04F79EFBC}") = "ChatApp", "ChatApp\ChatApp.csproj", "{4F0D77D1-70B9-4FC5-8BEB-8E83EC0FD4DC}"
EndProject
Project("{FAE04EC0-301F-11D3-BF4B-00C04F79EFBC}") = "TextSplitterApp", "TextSplitterApp\TextSplitterApp.csproj", "{35A475F1-166F-476C-BF44-E3986152A22F}"
EndProject
Global
	GlobalSection(SolutionConfigurationPlatforms) = preSolution
		Debug|Any CPU = Debug|Any CPU
		Release|Any CPU = Release|Any CPU
	EndGlobalSection
	GlobalSection(ProjectConfigurationPlatforms) = postSolution
		{C5F664F2-65D9-418E-8945-9F7802AABB12}.Debug|Any CPU.ActiveCfg = Debug|Any CPU
		{C5F664F2-65D9-418E-8945-9F7802AABB12}.Debug|Any CPU.Build.0 = Debug|Any CPU
		{C5F664F2-65D9-418E-8945-9F7802AABB12}.Release|Any CPU.ActiveCfg = Release|Any CPU
		{C5F664F2-65D9-418E-8945-9F7802AABB12}.Release|Any CPU.Build.0 = Release|Any CPU
		{18B2887F-7E1D-4315-A960-17EA4B89AF7C}.Debug|Any CPU.ActiveCfg = Debug|Any CPU
		{18B2887F-7E1D-4315-A960-17EA4B89AF7C}.Debug|Any CPU.Build.0 = Debug|Any CPU
		{18B2887F-7E1D-4315-A960-17EA4B89AF7C}.Release|Any CPU.ActiveCfg = Release|Any CPU
		{18B2887F-7E1D-4315-A960-17EA4B89AF7C}.Release|Any CPU.Build.0 = Release|Any CPU
		{4F0D77D1-70B9-4FC5-8BEB-8E83EC0FD4DC}.Debug|Any CPU.ActiveCfg = Debug|Any CPU
		{4F0D77D1-70B9-4FC5-8BEB-8E83EC0FD4DC}.Debug|Any CPU.Build.0 = Debug|Any CPU
		{4F0D77D1-70B9-4FC5-8BEB-8E83EC0FD4DC}.Release|Any CPU.ActiveCfg = Release|Any CPU
		{4F0D77D1-70B9-4FC5-8BEB-8E83EC0FD4DC}.Release|Any CPU.Build.0 = Release|Any CPU
		{35A475F1-166F-476C-BF44-E3986152A22F}.Debug|Any CPU.ActiveCfg = Debug|Any CPU
		{35A475F1-166F-476C-BF44-E3986152A22F}.Debug|Any CPU.Build.0 = Debug|Any CPU
		{35A475F1-166F-476C-BF44-E3986152A22F}.Release|Any CPU.ActiveCfg = Release|Any CPU
		{35A475F1-166F-476C-BF44-E3986152A22F}.Release|Any CPU.Build.0 = Release|Any CPU
	EndGlobalSection
	GlobalSection(SolutionProperties) = preSolution
		HideSolutionNode = FALSE
	EndGlobalSection
	GlobalSection(ExtensibilityGlobals) = postSolution
		SolutionGuid = {AB6A08C7-4FCE-4862-9AB1-501AEBA4BE12}
	EndGlobalSection
EndGlobal
